
Microsoft Visual Studio Solution File, Format Version 12.00
# Visual Studio 15
VisualStudioVersion = 15.0.27703.2042
MinimumVisualStudioVersion = 10.0.40219.1
Project("{FAE04EC0-301F-11D3-BF4B-00C04F79EFBC}") = "ASPCoreKeyVault", "ASPCoreKeyVault\ASPCoreKeyVault.csproj", "{01EC2395-A416-40B2-8A68-0507DA4BA13B}"
EndProject
Global
	GlobalSection(SolutionConfigurationPlatforms) = preSolution
		Debug|Any CPU = Debug|Any CPU
		Release|Any CPU = Release|Any CPU
	EndGlobalSection
	GlobalSection(ProjectConfigurationPlatforms) = postSolution
		{01EC2395-A416-40B2-8A68-0507DA4BA13B}.Debug|Any CPU.ActiveCfg = Debug|Any CPU
		{01EC2395-A416-40B2-8A68-0507DA4BA13B}.Debug|Any CPU.Build.0 = Debug|Any CPU
		{01EC2395-A416-40B2-8A68-0507DA4BA13B}.Release|Any CPU.ActiveCfg = Release|Any CPU
		{01EC2395-A416-40B2-8A68-0507DA4BA13B}.Release|Any CPU.Build.0 = Release|Any CPU
	EndGlobalSection
	GlobalSection(SolutionProperties) = preSolution
		HideSolutionNode = FALSE
	EndGlobalSection
	GlobalSection(ExtensibilityGlobals) = postSolution
		SolutionGuid = {2296C530-0179-4B09-80B2-5AC1CA813995}
	EndGlobalSection
EndGlobal
